{
  "name": "abc-log",
  "version": "0.0.1",
  "lockfileVersion": 1,
  "requires": true,
  "dependencies": {
    "abc-stringify": {
      "version": "0.0.2",
      "resolved": "https://registry.npmjs.org/abc-stringify/-/abc-stringify-0.0.2.tgz",
      "integrity": "sha512-jBo+USA+XrweVyJr86Ag81cTiUtF1yui+OE7rgw7CLcLA5cPIkEZhrJiNFkbvr150418ki9Rnl3/5uPFzcnG/A=="
    }
  }
}
